
Microsoft Visual Studio Solution File, Format Version 12.00
# Visual Studio Version 17
VisualStudioVersion = 17.14.36518.9
MinimumVisualStudioVersion = 10.0.40219.1
Project("{2150E333-8FDC-42A3-9474-1A3956D46DE8}") = "Tests", "Tests", "{02EA681E-C7D8-13C7-8484-4AC65E1B71E8}"
EndProject
Project("{FAE04EC0-301F-11D3-BF4B-00C04F79EFBC}") = "BrewCoffeeTests", "Tests\BrewCoffeeTests\BrewCoffeeTests.csproj", "{E1F55AAC-0890-48DE-BF8B-165F922A71C5}"
EndProject
Project("{2150E333-8FDC-42A3-9474-1A3956D46DE8}") = "API", "API", "{46CF4840-817A-4E08-BD79-720286328A22}"
EndProject
Project("{FAE04EC0-301F-11D3-BF4B-00C04F79EFBC}") = "BrewCoffeeAPI", "API\BrewCoffeeAPI\BrewCoffeeAPI.csproj", "{E3EFD418-095B-456E-A66E-83979836071C}"
EndProject
Global
	GlobalSection(SolutionConfigurationPlatforms) = preSolution
		Debug|Any CPU = Debug|Any CPU
		Release|Any CPU = Release|Any CPU
	EndGlobalSection
	GlobalSection(ProjectConfigurationPlatforms) = postSolution
		{E1F55AAC-0890-48DE-BF8B-165F922A71C5}.Debug|Any CPU.ActiveCfg = Debug|Any CPU
		{E1F55AAC-0890-48DE-BF8B-165F922A71C5}.Debug|Any CPU.Build.0 = Debug|Any CPU
		{E1F55AAC-0890-48DE-BF8B-165F922A71C5}.Release|Any CPU.ActiveCfg = Release|Any CPU
		{E1F55AAC-0890-48DE-BF8B-165F922A71C5}.Release|Any CPU.Build.0 = Release|Any CPU
		{E3EFD418-095B-456E-A66E-83979836071C}.Debug|Any CPU.ActiveCfg = Debug|Any CPU
		{E3EFD418-095B-456E-A66E-83979836071C}.Debug|Any CPU.Build.0 = Debug|Any CPU
		{E3EFD418-095B-456E-A66E-83979836071C}.Release|Any CPU.ActiveCfg = Release|Any CPU
		{E3EFD418-095B-456E-A66E-83979836071C}.Release|Any CPU.Build.0 = Release|Any CPU
	EndGlobalSection
	GlobalSection(SolutionProperties) = preSolution
		HideSolutionNode = FALSE
	EndGlobalSection
	GlobalSection(NestedProjects) = preSolution
		{E1F55AAC-0890-48DE-BF8B-165F922A71C5} = {02EA681E-C7D8-13C7-8484-4AC65E1B71E8}
		{E3EFD418-095B-456E-A66E-83979836071C} = {46CF4840-817A-4E08-BD79-720286328A22}
	EndGlobalSection
	GlobalSection(ExtensibilityGlobals) = postSolution
		SolutionGuid = {F4302E7B-188A-44E5-9D16-D9D6E30EBE46}
	EndGlobalSection
EndGlobal
